PODS:
  - Amplitude (8.10.0):
    - AnalyticsConnector (~> 1.0.0)
  - Analytics (4.1.6)
  - AnalyticsConnector (1.0.0)
  - Flutter (1.0.0)
  - flutter_segment (0.0.1):
    - Analytics (= 4.1.6)
    - Flutter
    - Segment-Amplitude (= 3.3.2)
  - Segment-Amplitude (3.3.2):
    - Amplitude (~> 8.3)
    - Analytics

DEPENDENCIES:
  - Flutter (from `Flutter`)
  - flutter_segment (from `.symlinks/plugins/flutter_segment/ios`)

SPEC REPOS:
  trunk:
    - Amplitude
    - Analytics
    - AnalyticsConnector
    - Segment-Amplitude

EXTERNAL SOURCES:
  Flutter:
    :path: Flutter
  flutter_segment:
    :path: ".symlinks/plugins/flutter_segment/ios"

SPEC CHECKSUMS:
  Amplitude: 2904f346250510b9e19a4e2262017bcf1d4368f9
  Analytics: eefe524436f904b8bb3f8c8c3425280e43b34efc
  AnalyticsConnector: 4c386d5972ac9da86e22d668564dbbac97558754
  Flutter: 50d75fe2f02b26cc09d224853bb45737f8b3214a
  flutter_segment: 9cdace39639298eb31ad1555e5916edf8f9fc6b8
  Segment-Amplitude: 6c1e59c8c278a21029ba7a6a788fcb31b9233a2c

PODFILE CHECKSUM: 7368163408c647b7eb699d0d788ba6718e18fb8d

COCOAPODS: 1.11.3
